// !$*UTF8*$!
{
	archiveVersion = 1;
	classes = {
	};
	objectVersion = 52;
	objects = {

/* Begin PBXBuildFile section */
		510871F225C317830009E39F /* SimulatorAction.swift in Sources */ = {isa = PBXBuildFile; fileRef = 510871F125C317830009E39F /* SimulatorAction.swift */; };
		5108721525C331360009E39F /* TextView.swift in Sources */ = {isa = PBXBuildFile; fileRef = 5108721425C331360009E39F /* TextView.swift */; };
		511BA57D23F3FFEA00E3E660 /* AppDelegate.swift in Sources */ = {isa = PBXBuildFile; fileRef = 511BA57C23F3FFEA00E3E660 /* AppDelegate.swift */; };
		511BA57F23F3FFEA00E3E660 /* MainView.swift in Sources */ = {isa = PBXBuildFile; fileRef = 511BA57E23F3FFEA00E3E660 /* MainView.swift */; };
		511BA58123F3FFEB00E3E660 /* Assets.xcassets in Resources */ = {isa = PBXBuildFile; fileRef = 511BA58023F3FFEB00E3E660 /* Assets.xcassets */; };
		511BA58423F3FFEB00E3E660 /* Preview Assets.xcassets in Resources */ = {isa = PBXBuildFile; fileRef = 511BA58323F3FFEB00E3E660 /* Preview Assets.xcassets */; };
		511BA58723F3FFEB00E3E660 /* Main.storyboard in Resources */ = {isa = PBXBuildFile; fileRef = 511BA58523F3FFEB00E3E660 /* Main.storyboard */; };
		511BA59023F4030D00E3E660 /* LoadingView.swift in Sources */ = {isa = PBXBuildFile; fileRef = 511BA58F23F4030D00E3E660 /* LoadingView.swift */; };
		511BA59223F4031F00E3E660 /* ControlView.swift in Sources */ = {isa = PBXBuildFile; fileRef = 511BA59123F4031F00E3E660 /* ControlView.swift */; };
		511BA59623F408F800E3E660 /* LoadingFailedView.swift in Sources */ = {isa = PBXBuildFile; fileRef = 511BA59523F408F800E3E660 /* LoadingFailedView.swift */; };
		511BA59823F4096800E3E660 /* Simulator.swift in Sources */ = {isa = PBXBuildFile; fileRef = 511BA59723F4096800E3E660 /* Simulator.swift */; };
		511BA59A23F415C800E3E660 /* BatteryView.swift in Sources */ = {isa = PBXBuildFile; fileRef = 511BA59923F415C800E3E660 /* BatteryView.swift */; };
		511BA59C23F4172400E3E660 /* SystemView.swift in Sources */ = {isa = PBXBuildFile; fileRef = 511BA59B23F4172400E3E660 /* SystemView.swift */; };
		511BA5A023F4197200E3E660 /* NetworkView.swift in Sources */ = {isa = PBXBuildFile; fileRef = 511BA59F23F4197200E3E660 /* NetworkView.swift */; };
		511BA5A223F41A5900E3E660 /* Binding-OnChange.swift in Sources */ = {isa = PBXBuildFile; fileRef = 511BA5A123F41A5900E3E660 /* Binding-OnChange.swift */; };
		511BA5A623F420AB00E3E660 /* FormSpacer.swift in Sources */ = {isa = PBXBuildFile; fileRef = 511BA5A523F420AB00E3E660 /* FormSpacer.swift */; };
		511BA5A823F42EE400E3E660 /* AppView.swift in Sources */ = {isa = PBXBuildFile; fileRef = 511BA5A723F42EE400E3E660 /* AppView.swift */; };
		5179289625C37586000F6F3A /* KeyboardShortcuts in Frameworks */ = {isa = PBXBuildFile; productRef = 5179289525C37586000F6F3A /* KeyboardShortcuts */; };
		5179289A25C37D2A000F6F3A /* KeyboardShortcuts.swift in Sources */ = {isa = PBXBuildFile; fileRef = 5179289925C37D2A000F6F3A /* KeyboardShortcuts.swift */; };
		517928C225C47392000F6F3A /* AVAssetToGIF.swift in Sources */ = {isa = PBXBuildFile; fileRef = 517928C125C47392000F6F3A /* AVAssetToGIF.swift */; };
		51B0241625C30EEF0042394E /* CLLocationCoordinate2D-Identifiable.swift in Sources */ = {isa = PBXBuildFile; fileRef = 51B0241525C30EEF0042394E /* CLLocationCoordinate2D-Identifiable.swift */; };
		51B0241D25C3104C0042394E /* AppIcon.swift in Sources */ = {isa = PBXBuildFile; fileRef = 51B0241C25C3104C0042394E /* AppIcon.swift */; };
		51B0242325C3106E0042394E /* AppSummaryView.swift in Sources */ = {isa = PBXBuildFile; fileRef = 51B0242225C3106E0042394E /* AppSummaryView.swift */; };
		551F8CED23F489A50006D1BD /* SidebarView.swift in Sources */ = {isa = PBXBuildFile; fileRef = 551F8CEC23F489A50006D1BD /* SidebarView.swift */; };
		551F8CEF23F48B030006D1BD /* SplitLayoutView.swift in Sources */ = {isa = PBXBuildFile; fileRef = 551F8CEE23F48B030006D1BD /* SplitLayoutView.swift */; };
		551F8CF123F498C30006D1BD /* SimulatorsController.swift in Sources */ = {isa = PBXBuildFile; fileRef = 551F8CF023F498C30006D1BD /* SimulatorsController.swift */; };
		551F8CF523F4AF7B0006D1BD /* FilterField.swift in Sources */ = {isa = PBXBuildFile; fileRef = 551F8CF423F4AF7B0006D1BD /* FilterField.swift */; };
		551F8CF723F4BEAC0006D1BD /* TypeIdentifier.swift in Sources */ = {isa = PBXBuildFile; fileRef = 551F8CF623F4BEAC0006D1BD /* TypeIdentifier.swift */; };
		551F8CF923F4C45A0006D1BD /* SimulatorSidebarView.swift in Sources */ = {isa = PBXBuildFile; fileRef = 551F8CF823F4C45A0006D1BD /* SimulatorSidebarView.swift */; };
		551F8CFE23F5C9EF0006D1BD /* SimCtl.swift in Sources */ = {isa = PBXBuildFile; fileRef = 551F8CFD23F5C9EF0006D1BD /* SimCtl.swift */; };
		551F8D0023F5CB3A0006D1BD /* SimCtl+Types.swift in Sources */ = {isa = PBXBuildFile; fileRef = 551F8CFF23F5CB3A0006D1BD /* SimCtl+Types.swift */; };
		5523A7E123F99D7200F25EEC /* Preferences.swift in Sources */ = {isa = PBXBuildFile; fileRef = 5523A7E023F99D7200F25EEC /* Preferences.swift */; };
		5534157E23FE04FA005C0A41 /* AboutView.swift in Sources */ = {isa = PBXBuildFile; fileRef = 5534157D23FE04FA005C0A41 /* AboutView.swift */; };
		5534158023FE0514005C0A41 /* RecessedButtonStyle.swift in Sources */ = {isa = PBXBuildFile; fileRef = 5534157F23FE0514005C0A41 /* RecessedButtonStyle.swift */; };
		5534158223FE0539005C0A41 /* Contributors.swift in Sources */ = {isa = PBXBuildFile; fileRef = 5534158123FE0539005C0A41 /* Contributors.swift */; };
		5534158623FE1AC4005C0A41 /* Flow.swift in Sources */ = {isa = PBXBuildFile; fileRef = 5534158523FE1AC4005C0A41 /* Flow.swift */; };
		555A145723F707E700313BC5 /* CoreSimulator.m in Sources */ = {isa = PBXBuildFile; fileRef = 555A145623F707E700313BC5 /* CoreSimulator.m */; };
		555A145A23F70A5100313BC5 /* CoreSimulator.framework in Frameworks */ = {isa = PBXBuildFile; fileRef = 555A145923F70A5100313BC5 /* CoreSimulator.framework */; settings = {ATTRIBUTES = (Weak, ); }; };
		555A145C23F70CCF00313BC5 /* Process.swift in Sources */ = {isa = PBXBuildFile; fileRef = 555A145B23F70CCF00313BC5 /* Process.swift */; };
		555A145E23F70E8600313BC5 /* CoreSimulatorPublisher.swift in Sources */ = {isa = PBXBuildFile; fileRef = 555A145D23F70E8600313BC5 /* CoreSimulatorPublisher.swift */; };
		55AF68B523F9CFD600C5D87A /* PreferencesView.swift in Sources */ = {isa = PBXBuildFile; fileRef = 55AF68B423F9CFD600C5D87A /* PreferencesView.swift */; };
		55AF68B723F9D2E200C5D87A /* UIState.swift in Sources */ = {isa = PBXBuildFile; fileRef = 55AF68B623F9D2E200C5D87A /* UIState.swift */; };
		55AF68B923F9D32100C5D87A /* MainWindowController.swift in Sources */ = {isa = PBXBuildFile; fileRef = 55AF68B823F9D32100C5D87A /* MainWindowController.swift */; };
		55DF68B723F856E100E717D3 /* SimulatorActionSheet.swift in Sources */ = {isa = PBXBuildFile; fileRef = 55DF68B623F856E100E717D3 /* SimulatorActionSheet.swift */; };
		55DF68B923F86C0700E717D3 /* ContextMenu.swift in Sources */ = {isa = PBXBuildFile; fileRef = 55DF68B823F86C0700E717D3 /* ContextMenu.swift */; };
		55DF68BB23F8BE8D00E717D3 /* CreateSimulatorActionSheet.swift in Sources */ = {isa = PBXBuildFile; fileRef = 55DF68BA23F8BE8D00E717D3 /* CreateSimulatorActionSheet.swift */; };
		55DF68BD23F8C76800E717D3 /* Collection.swift in Sources */ = {isa = PBXBuildFile; fileRef = 55DF68BC23F8C76800E717D3 /* Collection.swift */; };
		70BE435A23F54B7200FD6282 /* LocationView.swift in Sources */ = {isa = PBXBuildFile; fileRef = 70BE435923F54B7200FD6282 /* LocationView.swift */; };
		AC472CCF240D46D7007FF521 /* KeyedEncodingContainer-NotEmpty.swift in Sources */ = {isa = PBXBuildFile; fileRef = AC472CCE240D46D7007FF521 /* KeyedEncodingContainer-NotEmpty.swift */; };
		AC472CFB240D5F22007FF521 /* NotificationEditorView.strings in Resources */ = {isa = PBXBuildFile; fileRef = AC472CFA240D5F22007FF521 /* NotificationEditorView.strings */; };
		ACCD798C240ADEE20004ECE5 /* NotificationEditorView.swift in Sources */ = {isa = PBXBuildFile; fileRef = ACCD798B240ADEE20004ECE5 /* NotificationEditorView.swift */; };
		ACCD798E240AE82C0004ECE5 /* PushNotification.swift in Sources */ = {isa = PBXBuildFile; fileRef = ACCD798D240AE82C0004ECE5 /* PushNotification.swift */; };
		ACD2064D2431F20000F8659B /* CommandLineExecuter.swift in Sources */ = {isa = PBXBuildFile; fileRef = ACD2064C2431F20000F8659B /* CommandLineExecuter.swift */; };
		ACD206572432272500F8659B /* XcodeCommandLineToolsController.swift in Sources */ = {isa = PBXBuildFile; fileRef = ACD206562432272500F8659B /* XcodeCommandLineToolsController.swift */; };
		ACDF076623F7D1C300597B3B /* Application.swift in Sources */ = {isa = PBXBuildFile; fileRef = ACDF076523F7D1C300597B3B /* Application.swift */; };
		ACDF076823F7E91A00597B3B /* ApplicationType.swift in Sources */ = {isa = PBXBuildFile; fileRef = ACDF076723F7E91A00597B3B /* ApplicationType.swift */; };
		B07F584923F99A1700256D5D /* SimCtl+SubCommands.swift in Sources */ = {isa = PBXBuildFile; fileRef = B07F584823F99A1700256D5D /* SimCtl+SubCommands.swift */; };
		B07F585123F9F83800256D5D /* SimCtl+SubCommandsTests.swift in Sources */ = {isa = PBXBuildFile; fileRef = B07F585023F9F83800256D5D /* SimCtl+SubCommandsTests.swift */; };
		B0AD5F8423FE32A100A2DC81 /* HLine.swift in Sources */ = {isa = PBXBuildFile; fileRef = B0AD5F8323FE32A100A2DC81 /* HLine.swift */; };
		CDC8A0972472846C00861888 /* ScreenView.swift in Sources */ = {isa = PBXBuildFile; fileRef = CDC8A0962472846C00861888 /* ScreenView.swift */; };
/* End PBXBuildFile section */

/* Begin PBXContainerItemProxy section */
		B07F585323F9F83800256D5D /* PBXContainerItemProxy */ = {
			isa = PBXContainerItemProxy;
			containerPortal = 511BA57123F3FFEA00E3E660 /* Project object */;
			proxyType = 1;
			remoteGlobalIDString = 511BA57823F3FFEA00E3E660;
			remoteInfo = ControlRoom;
		};
/* End PBXContainerItemProxy section */

/* Begin PBXFileReference section */
		510871F125C317830009E39F /* SimulatorAction.swift */ = {isa = PBXFileReference; lastKnownFileType = sourcecode.swift; path = SimulatorAction.swift; sourceTree = "<group>"; };
		5108721425C331360009E39F /* TextView.swift */ = {isa = PBXFileReference; lastKnownFileType = sourcecode.swift; path = TextView.swift; sourceTree = "<group>"; };
		511BA57923F3FFEA00E3E660 /* ControlRoom.app */ = {isa = PBXFileReference; explicitFileType = wrapper.application; includeInIndex = 0; path = ControlRoom.app; sourceTree = BUILT_PRODUCTS_DIR; };
		511BA57C23F3FFEA00E3E660 /* AppDelegate.swift */ = {isa = PBXFileReference; lastKnownFileType = sourcecode.swift; path = AppDelegate.swift; sourceTree = "<group>"; };
		511BA57E23F3FFEA00E3E660 /* MainView.swift */ = {isa = PBXFileReference; lastKnownFileType = sourcecode.swift; path = MainView.swift; sourceTree = "<group>"; };
		511BA58023F3FFEB00E3E660 /* Assets.xcassets */ = {isa = PBXFileReference; lastKnownFileType = folder.assetcatalog; path = Assets.xcassets; sourceTree = "<group>"; };
		511BA58323F3FFEB00E3E660 /* Preview Assets.xcassets */ = {isa = PBXFileReference; lastKnownFileType = folder.assetcatalog; path = "Preview Assets.xcassets"; sourceTree = "<group>"; };
		511BA58623F3FFEB00E3E660 /* Base */ = {isa = PBXFileReference; lastKnownFileType = file.storyboard; name = Base; path = Base.lproj/Main.storyboard; sourceTree = "<group>"; };
		511BA58823F3FFEB00E3E660 /* Info.plist */ = {isa = PBXFileReference; lastKnownFileType = text.plist.xml; path = Info.plist; sourceTree = "<group>"; };
		511BA58923F3FFEB00E3E660 /* ControlRoom.entitlements */ = {isa = PBXFileReference; lastKnownFileType = text.plist.entitlements; path = ControlRoom.entitlements; sourceTree = "<group>"; };
		511BA58F23F4030D00E3E660 /* LoadingView.swift */ = {isa = PBXFileReference; lastKnownFileType = sourcecode.swift; path = LoadingView.swift; sourceTree = "<group>"; };
		511BA59123F4031F00E3E660 /* ControlView.swift */ = {isa = PBXFileReference; lastKnownFileType = sourcecode.swift; path = ControlView.swift; sourceTree = "<group>"; };
		511BA59523F408F800E3E660 /* LoadingFailedView.swift */ = {isa = PBXFileReference; lastKnownFileType = sourcecode.swift; path = LoadingFailedView.swift; sourceTree = "<group>"; };
		511BA59723F4096800E3E660 /* Simulator.swift */ = {isa = PBXFileReference; lastKnownFileType = sourcecode.swift; path = Simulator.swift; sourceTree = "<group>"; };
		511BA59923F415C800E3E660 /* BatteryView.swift */ = {isa = PBXFileReference; lastKnownFileType = sourcecode.swift; path = BatteryView.swift; sourceTree = "<group>"; };
		511BA59B23F4172400E3E660 /* SystemView.swift */ = {isa = PBXFileReference; lastKnownFileType = sourcecode.swift; path = SystemView.swift; sourceTree = "<group>"; };
		511BA59F23F4197200E3E660 /* NetworkView.swift */ = {isa = PBXFileReference; lastKnownFileType = sourcecode.swift; path = NetworkView.swift; sourceTree = "<group>"; };
		511BA5A123F41A5900E3E660 /* Binding-OnChange.swift */ = {isa = PBXFileReference; lastKnownFileType = sourcecode.swift; path = "Binding-OnChange.swift"; sourceTree = "<group>"; };
		511BA5A523F420AB00E3E660 /* FormSpacer.swift */ = {isa = PBXFileReference; lastKnownFileType = sourcecode.swift; path = FormSpacer.swift; sourceTree = "<group>"; };
		511BA5A723F42EE400E3E660 /* AppView.swift */ = {isa = PBXFileReference; lastKnownFileType = sourcecode.swift; path = AppView.swift; sourceTree = "<group>"; };
		5179289925C37D2A000F6F3A /* KeyboardShortcuts.swift */ = {isa = PBXFileReference; lastKnownFileType = sourcecode.swift; path = KeyboardShortcuts.swift; sourceTree = "<group>"; };
		517928C125C47392000F6F3A /* AVAssetToGIF.swift */ = {isa = PBXFileReference; lastKnownFileType = sourcecode.swift; path = AVAssetToGIF.swift; sourceTree = "<group>"; };
		51B0241525C30EEF0042394E /* CLLocationCoordinate2D-Identifiable.swift */ = {isa = PBXFileReference; lastKnownFileType = sourcecode.swift; path = "CLLocationCoordinate2D-Identifiable.swift"; sourceTree = "<group>"; };
		51B0241C25C3104C0042394E /* AppIcon.swift */ = {isa = PBXFileReference; lastKnownFileType = sourcecode.swift; path = AppIcon.swift; sourceTree = "<group>"; };
		51B0242225C3106E0042394E /* AppSummaryView.swift */ = {isa = PBXFileReference; lastKnownFileType = sourcecode.swift; path = AppSummaryView.swift; sourceTree = "<group>"; };
		551F8CEC23F489A50006D1BD /* SidebarView.swift */ = {isa = PBXFileReference; lastKnownFileType = sourcecode.swift; path = SidebarView.swift; sourceTree = "<group>"; };
		551F8CEE23F48B030006D1BD /* SplitLayoutView.swift */ = {isa = PBXFileReference; lastKnownFileType = sourcecode.swift; path = SplitLayoutView.swift; sourceTree = "<group>"; };
		551F8CF023F498C30006D1BD /* SimulatorsController.swift */ = {isa = PBXFileReference; lastKnownFileType = sourcecode.swift; path = SimulatorsController.swift; sourceTree = "<group>"; };
		551F8CF423F4AF7B0006D1BD /* FilterField.swift */ = {isa = PBXFileReference; lastKnownFileType = sourcecode.swift; path = FilterField.swift; sourceTree = "<group>"; };
		551F8CF623F4BEAC0006D1BD /* TypeIdentifier.swift */ = {isa = PBXFileReference; lastKnownFileType = sourcecode.swift; path = TypeIdentifier.swift; sourceTree = "<group>"; };
		551F8CF823F4C45A0006D1BD /* SimulatorSidebarView.swift */ = {isa = PBXFileReference; lastKnownFileType = sourcecode.swift; path = SimulatorSidebarView.swift; sourceTree = "<group>"; };
		551F8CFD23F5C9EF0006D1BD /* SimCtl.swift */ = {isa = PBXFileReference; lastKnownFileType = sourcecode.swift; path = SimCtl.swift; sourceTree = "<group>"; };
		551F8CFF23F5CB3A0006D1BD /* SimCtl+Types.swift */ = {isa = PBXFileReference; lastKnownFileType = sourcecode.swift; path = "SimCtl+Types.swift"; sourceTree = "<group>"; };
		5523A7E023F99D7200F25EEC /* Preferences.swift */ = {isa = PBXFileReference; lastKnownFileType = sourcecode.swift; path = Preferences.swift; sourceTree = "<group>"; };
		5534157D23FE04FA005C0A41 /* AboutView.swift */ = {isa = PBXFileReference; lastKnownFileType = sourcecode.swift; path = AboutView.swift; sourceTree = "<group>"; };
		5534157F23FE0514005C0A41 /* RecessedButtonStyle.swift */ = {isa = PBXFileReference; lastKnownFileType = sourcecode.swift; path = RecessedButtonStyle.swift; sourceTree = "<group>"; };
		5534158123FE0539005C0A41 /* Contributors.swift */ = {isa = PBXFileReference; lastKnownFileType = sourcecode.swift; path = Contributors.swift; sourceTree = "<group>"; };
		5534158523FE1AC4005C0A41 /* Flow.swift */ = {isa = PBXFileReference; lastKnownFileType = sourcecode.swift; path = Flow.swift; sourceTree = "<group>"; };
		555A145423F707E700313BC5 /* ControlRoom-Bridging-Header.h */ = {isa = PBXFileReference; lastKnownFileType = sourcecode.c.h; path = "ControlRoom-Bridging-Header.h"; sourceTree = "<group>"; };
		555A145523F707E700313BC5 /* CoreSimulator.h */ = {isa = PBXFileReference; lastKnownFileType = sourcecode.c.h; path = CoreSimulator.h; sourceTree = "<group>"; };
		555A145623F707E700313BC5 /* CoreSimulator.m */ = {isa = PBXFileReference; lastKnownFileType = sourcecode.c.objc; path = CoreSimulator.m; sourceTree = "<group>"; };
		555A145923F70A5100313BC5 /* CoreSimulator.framework */ = {isa = PBXFileReference; lastKnownFileType = wrapper.framework; name = CoreSimulator.framework; path = /Library/Developer/PrivateFrameworks/CoreSimulator.framework; sourceTree = "<absolute>"; };
		555A145B23F70CCF00313BC5 /* Process.swift */ = {isa = PBXFileReference; lastKnownFileType = sourcecode.swift; path = Process.swift; sourceTree = "<group>"; };
		555A145D23F70E8600313BC5 /* CoreSimulatorPublisher.swift */ = {isa = PBXFileReference; lastKnownFileType = sourcecode.swift; path = CoreSimulatorPublisher.swift; sourceTree = "<group>"; };
		55AF68B423F9CFD600C5D87A /* PreferencesView.swift */ = {isa = PBXFileReference; lastKnownFileType = sourcecode.swift; path = PreferencesView.swift; sourceTree = "<group>"; };
		55AF68B623F9D2E200C5D87A /* UIState.swift */ = {isa = PBXFileReference; lastKnownFileType = sourcecode.swift; path = UIState.swift; sourceTree = "<group>"; };
		55AF68B823F9D32100C5D87A /* MainWindowController.swift */ = {isa = PBXFileReference; lastKnownFileType = sourcecode.swift; path = MainWindowController.swift; sourceTree = "<group>"; };
		55DF68B623F856E100E717D3 /* SimulatorActionSheet.swift */ = {isa = PBXFileReference; lastKnownFileType = sourcecode.swift; path = SimulatorActionSheet.swift; sourceTree = "<group>"; };
		55DF68B823F86C0700E717D3 /* ContextMenu.swift */ = {isa = PBXFileReference; lastKnownFileType = sourcecode.swift; path = ContextMenu.swift; sourceTree = "<group>"; };
		55DF68BA23F8BE8D00E717D3 /* CreateSimulatorActionSheet.swift */ = {isa = PBXFileReference; lastKnownFileType = sourcecode.swift; path = CreateSimulatorActionSheet.swift; sourceTree = "<group>"; };
		55DF68BC23F8C76800E717D3 /* Collection.swift */ = {isa = PBXFileReference; lastKnownFileType = sourcecode.swift; path = Collection.swift; sourceTree = "<group>"; };
		70BE435923F54B7200FD6282 /* LocationView.swift */ = {isa = PBXFileReference; lastKnownFileType = sourcecode.swift; path = LocationView.swift; sourceTree = "<group>"; };
		AC472CCE240D46D7007FF521 /* KeyedEncodingContainer-NotEmpty.swift */ = {isa = PBXFileReference; lastKnownFileType = sourcecode.swift; path = "KeyedEncodingContainer-NotEmpty.swift"; sourceTree = "<group>"; };
		AC472CFA240D5F22007FF521 /* NotificationEditorView.strings */ = {isa = PBXFileReference; fileEncoding = 4; lastKnownFileType = text.plist.strings; path = NotificationEditorView.strings; sourceTree = "<group>"; };
		ACCD798B240ADEE20004ECE5 /* NotificationEditorView.swift */ = {isa = PBXFileReference; lastKnownFileType = sourcecode.swift; path = NotificationEditorView.swift; sourceTree = "<group>"; };
		ACCD798D240AE82C0004ECE5 /* PushNotification.swift */ = {isa = PBXFileReference; lastKnownFileType = sourcecode.swift; path = PushNotification.swift; sourceTree = "<group>"; };
		ACD2064C2431F20000F8659B /* CommandLineExecuter.swift */ = {isa = PBXFileReference; lastKnownFileType = sourcecode.swift; path = CommandLineExecuter.swift; sourceTree = "<group>"; };
		ACD206562432272500F8659B /* XcodeCommandLineToolsController.swift */ = {isa = PBXFileReference; lastKnownFileType = sourcecode.swift; path = XcodeCommandLineToolsController.swift; sourceTree = "<group>"; };
		ACDF076523F7D1C300597B3B /* Application.swift */ = {isa = PBXFileReference; fileEncoding = 4; lastKnownFileType = sourcecode.swift; path = Application.swift; sourceTree = "<group>"; };
		ACDF076723F7E91A00597B3B /* ApplicationType.swift */ = {isa = PBXFileReference; lastKnownFileType = sourcecode.swift; path = ApplicationType.swift; sourceTree = "<group>"; };
		B07F584823F99A1700256D5D /* SimCtl+SubCommands.swift */ = {isa = PBXFileReference; lastKnownFileType = sourcecode.swift; path = "SimCtl+SubCommands.swift"; sourceTree = "<group>"; };
		B07F584E23F9F83800256D5D /* ControlRoomTests.xctest */ = {isa = PBXFileReference; explicitFileType = wrapper.cfbundle; includeInIndex = 0; path = ControlRoomTests.xctest; sourceTree = BUILT_PRODUCTS_DIR; };
		B07F585023F9F83800256D5D /* SimCtl+SubCommandsTests.swift */ = {isa = PBXFileReference; lastKnownFileType = sourcecode.swift; path = "SimCtl+SubCommandsTests.swift"; sourceTree = "<group>"; };
		B07F585223F9F83800256D5D /* Info.plist */ = {isa = PBXFileReference; lastKnownFileType = text.plist.xml; path = Info.plist; sourceTree = "<group>"; };
		B0AD5F8323FE32A100A2DC81 /* HLine.swift */ = {isa = PBXFileReference; lastKnownFileType = sourcecode.swift; path = HLine.swift; sourceTree = "<group>"; };
		CDC8A0962472846C00861888 /* ScreenView.swift */ = {isa = PBXFileReference; lastKnownFileType = sourcecode.swift; path = ScreenView.swift; sourceTree = "<group>"; };
/* End PBXFileReference section */

/* Begin PBXFrameworksBuildPhase section */
		511BA57623F3FFEA00E3E660 /* Frameworks */ = {
			isa = PBXFrameworksBuildPhase;
			buildActionMask = 2147483647;
			files = (
				555A145A23F70A5100313BC5 /* CoreSimulator.framework in Frameworks */,
				5179289625C37586000F6F3A /* KeyboardShortcuts in Frameworks */,
			);
			runOnlyForDeploymentPostprocessing = 0;
		};
		B07F584B23F9F83800256D5D /* Frameworks */ = {
			isa = PBXFrameworksBuildPhase;
			buildActionMask = 2147483647;
			files = (
			);
			runOnlyForDeploymentPostprocessing = 0;
		};
/* End PBXFrameworksBuildPhase section */

/* Begin PBXGroup section */
		511BA57023F3FFEA00E3E660 = {
			isa = PBXGroup;
			children = (
				511BA57B23F3FFEA00E3E660 /* ControlRoom */,
				B07F584F23F9F83800256D5D /* ControlRoomTests */,
				511BA57A23F3FFEA00E3E660 /* Products */,
				555A145823F70A5100313BC5 /* Frameworks */,
			);
			sourceTree = "<group>";
		};
		511BA57A23F3FFEA00E3E660 /* Products */ = {
			isa = PBXGroup;
			children = (
				511BA57923F3FFEA00E3E660 /* ControlRoom.app */,
				B07F584E23F9F83800256D5D /* ControlRoomTests.xctest */,
			);
			name = Products;
			sourceTree = "<group>";
		};
		511BA57B23F3FFEA00E3E660 /* ControlRoom */ = {
			isa = PBXGroup;
			children = (
				555A145F23F758DE00313BC5 /* Main Window */,
				55AF68B323F9CFC600C5D87A /* Preferences UI */,
				511BA5D223F456B900E3E660 /* Loading */,
				555A146223F7628100313BC5 /* Simulator UI */,
				5534157C23FE04EC005C0A41 /* About UI */,
				555A146323F762AD00313BC5 /* Controllers */,
				511BA5D123F4567C00E3E660 /* Helpers */,
				AC472CCD240D46C2007FF521 /* Extensions */,
				511BA5CF23F455D500E3E660 /* NSViewWrappers */,
				555A145323F707D900313BC5 /* Objective-C */,
				511BA5D023F455E100E3E660 /* SystemBits */,
			);
			path = ControlRoom;
			sourceTree = "<group>";
		};
		511BA58223F3FFEB00E3E660 /* Preview Content */ = {
			isa = PBXGroup;
			children = (
				511BA58323F3FFEB00E3E660 /* Preview Assets.xcassets */,
			);
			path = "Preview Content";
			sourceTree = "<group>";
		};
		511BA5AB23F434B500E3E660 /* ControlScreens */ = {
			isa = PBXGroup;
			children = (
				51B0241B25C3103B0042394E /* AppView */,
				511BA59923F415C800E3E660 /* BatteryView.swift */,
				70BE435923F54B7200FD6282 /* LocationView.swift */,
				511BA59F23F4197200E3E660 /* NetworkView.swift */,
				CDC8A0962472846C00861888 /* ScreenView.swift */,
				511BA59B23F4172400E3E660 /* SystemView.swift */,
			);
			path = ControlScreens;
			sourceTree = "<group>";
		};
		511BA5CF23F455D500E3E660 /* NSViewWrappers */ = {
			isa = PBXGroup;
			children = (
				551F8CF423F4AF7B0006D1BD /* FilterField.swift */,
				B0AD5F8323FE32A100A2DC81 /* HLine.swift */,
				5108721425C331360009E39F /* TextView.swift */,
			);
			path = NSViewWrappers;
			sourceTree = "<group>";
		};
		511BA5D023F455E100E3E660 /* SystemBits */ = {
			isa = PBXGroup;
			children = (
				511BA57C23F3FFEA00E3E660 /* AppDelegate.swift */,
				511BA58823F3FFEB00E3E660 /* Info.plist */,
				511BA58923F3FFEB00E3E660 /* ControlRoom.entitlements */,
				511BA58523F3FFEB00E3E660 /* Main.storyboard */,
				511BA58023F3FFEB00E3E660 /* Assets.xcassets */,
				511BA58223F3FFEB00E3E660 /* Preview Content */,
			);
			name = SystemBits;
			sourceTree = "<group>";
		};
		511BA5D123F4567C00E3E660 /* Helpers */ = {
			isa = PBXGroup;
			children = (
				511BA5A123F41A5900E3E660 /* Binding-OnChange.swift */,
				55DF68BC23F8C76800E717D3 /* Collection.swift */,
				ACD2064C2431F20000F8659B /* CommandLineExecuter.swift */,
				55DF68B823F86C0700E717D3 /* ContextMenu.swift */,
				5534158523FE1AC4005C0A41 /* Flow.swift */,
				511BA5A523F420AB00E3E660 /* FormSpacer.swift */,
				555A145B23F70CCF00313BC5 /* Process.swift */,
				5534157F23FE0514005C0A41 /* RecessedButtonStyle.swift */,
				551F8CF623F4BEAC0006D1BD /* TypeIdentifier.swift */,
			);
			path = Helpers;
			sourceTree = "<group>";
		};
		511BA5D223F456B900E3E660 /* Loading */ = {
			isa = PBXGroup;
			children = (
				511BA59523F408F800E3E660 /* LoadingFailedView.swift */,
				511BA58F23F4030D00E3E660 /* LoadingView.swift */,
			);
			path = Loading;
			sourceTree = "<group>";
		};
		51B0241B25C3103B0042394E /* AppView */ = {
			isa = PBXGroup;
			children = (
				511BA5A723F42EE400E3E660 /* AppView.swift */,
				51B0242225C3106E0042394E /* AppSummaryView.swift */,
				51B0241C25C3104C0042394E /* AppIcon.swift */,
				ACCD798B240ADEE20004ECE5 /* NotificationEditorView.swift */,
				AC472CFA240D5F22007FF521 /* NotificationEditorView.strings */,
			);
			path = AppView;
			sourceTree = "<group>";
		};
		5534157C23FE04EC005C0A41 /* About UI */ = {
			isa = PBXGroup;
			children = (
				5534157D23FE04FA005C0A41 /* AboutView.swift */,
				5534158123FE0539005C0A41 /* Contributors.swift */,
			);
			path = "About UI";
			sourceTree = "<group>";
		};
		555A145323F707D900313BC5 /* Objective-C */ = {
			isa = PBXGroup;
			children = (
				555A145423F707E700313BC5 /* ControlRoom-Bridging-Header.h */,
				555A145523F707E700313BC5 /* CoreSimulator.h */,
				555A145623F707E700313BC5 /* CoreSimulator.m */,
			);
			path = "Objective-C";
			sourceTree = "<group>";
		};
		555A145823F70A5100313BC5 /* Frameworks */ = {
			isa = PBXGroup;
			children = (
				555A145923F70A5100313BC5 /* CoreSimulator.framework */,
			);
			name = Frameworks;
			sourceTree = "<group>";
		};
		555A145F23F758DE00313BC5 /* Main Window */ = {
			isa = PBXGroup;
			children = (
				55AF68B823F9D32100C5D87A /* MainWindowController.swift */,
				511BA57E23F3FFEA00E3E660 /* MainView.swift */,
				551F8CEE23F48B030006D1BD /* SplitLayoutView.swift */,
				551F8CEC23F489A50006D1BD /* SidebarView.swift */,
				551F8CF823F4C45A0006D1BD /* SimulatorSidebarView.swift */,
				510871F125C317830009E39F /* SimulatorAction.swift */,
				55DF68B623F856E100E717D3 /* SimulatorActionSheet.swift */,
				55DF68BA23F8BE8D00E717D3 /* CreateSimulatorActionSheet.swift */,
			);
			path = "Main Window";
			sourceTree = "<group>";
		};
		555A146223F7628100313BC5 /* Simulator UI */ = {
			isa = PBXGroup;
			children = (
				511BA59123F4031F00E3E660 /* ControlView.swift */,
				511BA5AB23F434B500E3E660 /* ControlScreens */,
			);
			path = "Simulator UI";
			sourceTree = "<group>";
		};
		555A146323F762AD00313BC5 /* Controllers */ = {
			isa = PBXGroup;
			children = (
				ACDF076523F7D1C300597B3B /* Application.swift */,
				ACDF076723F7E91A00597B3B /* ApplicationType.swift */,
				555A145D23F70E8600313BC5 /* CoreSimulatorPublisher.swift */,
				5179289925C37D2A000F6F3A /* KeyboardShortcuts.swift */,
				5523A7E023F99D7200F25EEC /* Preferences.swift */,
				ACCD798D240AE82C0004ECE5 /* PushNotification.swift */,
				551F8CFD23F5C9EF0006D1BD /* SimCtl.swift */,
				B07F584823F99A1700256D5D /* SimCtl+SubCommands.swift */,
				551F8CFF23F5CB3A0006D1BD /* SimCtl+Types.swift */,
				511BA59723F4096800E3E660 /* Simulator.swift */,
				551F8CF023F498C30006D1BD /* SimulatorsController.swift */,
				55AF68B623F9D2E200C5D87A /* UIState.swift */,
				ACD206562432272500F8659B /* XcodeCommandLineToolsController.swift */,
			);
			path = Controllers;
			sourceTree = "<group>";
		};
		55AF68B323F9CFC600C5D87A /* Preferences UI */ = {
			isa = PBXGroup;
			children = (
				55AF68B423F9CFD600C5D87A /* PreferencesView.swift */,
			);
			path = "Preferences UI";
			sourceTree = "<group>";
		};
		AC472CCD240D46C2007FF521 /* Extensions */ = {
			isa = PBXGroup;
			children = (
				AC472CCE240D46D7007FF521 /* KeyedEncodingContainer-NotEmpty.swift */,
				51B0241525C30EEF0042394E /* CLLocationCoordinate2D-Identifiable.swift */,
				517928C125C47392000F6F3A /* AVAssetToGIF.swift */,
			);
			path = Extensions;
			sourceTree = "<group>";
		};
		B07F584F23F9F83800256D5D /* ControlRoomTests */ = {
			isa = PBXGroup;
			children = (
				B07F585823F9F99F00256D5D /* Controllers */,
				B07F585223F9F83800256D5D /* Info.plist */,
			);
			path = ControlRoomTests;
			sourceTree = "<group>";
		};
		B07F585823F9F99F00256D5D /* Controllers */ = {
			isa = PBXGroup;
			children = (
				B07F585023F9F83800256D5D /* SimCtl+SubCommandsTests.swift */,
			);
			path = Controllers;
			sourceTree = "<group>";
		};
/* End PBXGroup section */

/* Begin PBXNativeTarget section */
		511BA57823F3FFEA00E3E660 /* ControlRoom */ = {
			isa = PBXNativeTarget;
			buildConfigurationList = 511BA58C23F3FFEB00E3E660 /* Build configuration list for PBXNativeTarget "ControlRoom" */;
			buildPhases = (
				551F8CFA23F4CB770006D1BD /* SwiftLint */,
				511BA57523F3FFEA00E3E660 /* Sources */,
				511BA57623F3FFEA00E3E660 /* Frameworks */,
				5534157B23FE0373005C0A41 /* Get Contributors */,
				511BA57723F3FFEA00E3E660 /* Resources */,
			);
			buildRules = (
			);
			dependencies = (
			);
			name = ControlRoom;
			packageProductDependencies = (
				5179289525C37586000F6F3A /* KeyboardShortcuts */,
			);
			productName = ControlRoom;
			productReference = 511BA57923F3FFEA00E3E660 /* ControlRoom.app */;
			productType = "com.apple.product-type.application";
		};
		B07F584D23F9F83800256D5D /* ControlRoomTests */ = {
			isa = PBXNativeTarget;
			buildConfigurationList = B07F585723F9F83800256D5D /* Build configuration list for PBXNativeTarget "ControlRoomTests" */;
			buildPhases = (
				B07F584A23F9F83800256D5D /* Sources */,
				B07F584B23F9F83800256D5D /* Frameworks */,
				B07F584C23F9F83800256D5D /* Resources */,
			);
			buildRules = (
			);
			dependencies = (
				B07F585423F9F83800256D5D /* PBXTargetDependency */,
			);
			name = ControlRoomTests;
			productName = ControlRoomTests;
			productReference = B07F584E23F9F83800256D5D /* ControlRoomTests.xctest */;
			productType = "com.apple.product-type.bundle.unit-test";
		};
/* End PBXNativeTarget section */

/* Begin PBXProject section */
		511BA57123F3FFEA00E3E660 /* Project object */ = {
			isa = PBXProject;
			attributes = {
				LastSwiftUpdateCheck = 1140;
				LastUpgradeCheck = 1240;
				ORGANIZATIONNAME = "Paul Hudson";
				TargetAttributes = {
					511BA57823F3FFEA00E3E660 = {
						CreatedOnToolsVersion = 11.3.1;
						LastSwiftMigration = 1130;
					};
					B07F584D23F9F83800256D5D = {
						CreatedOnToolsVersion = 11.4;
						TestTargetID = 511BA57823F3FFEA00E3E660;
					};
				};
			};
			buildConfigurationList = 511BA57423F3FFEA00E3E660 /* Build configuration list for PBXProject "ControlRoom" */;
			compatibilityVersion = "Xcode 9.3";
			developmentRegion = en;
			hasScannedForEncodings = 0;
			knownRegions = (
				en,
				Base,
			);
			mainGroup = 511BA57023F3FFEA00E3E660;
			packageReferences = (
				5179289425C37586000F6F3A /* XCRemoteSwiftPackageReference "KeyboardShortcuts" */,
			);
			productRefGroup = 511BA57A23F3FFEA00E3E660 /* Products */;
			projectDirPath = "";
			projectRoot = "";
			targets = (
				511BA57823F3FFEA00E3E660 /* ControlRoom */,
				B07F584D23F9F83800256D5D /* ControlRoomTests */,
			);
		};
/* End PBXProject section */

/* Begin PBXResourcesBuildPhase section */
		511BA57723F3FFEA00E3E660 /* Resources */ = {
			isa = PBXResourcesBuildPhase;
			buildActionMask = 2147483647;
			files = (
				511BA58723F3FFEB00E3E660 /* Main.storyboard in Resources */,
				AC472CFB240D5F22007FF521 /* NotificationEditorView.strings in Resources */,
				511BA58423F3FFEB00E3E660 /* Preview Assets.xcassets in Resources */,
				511BA58123F3FFEB00E3E660 /* Assets.xcassets in Resources */,
			);
			runOnlyForDeploymentPostprocessing = 0;
		};
		B07F584C23F9F83800256D5D /* Resources */ = {
			isa = PBXResourcesBuildPhase;
			buildActionMask = 2147483647;
			files = (
			);
			runOnlyForDeploymentPostprocessing = 0;
		};
/* End PBXResourcesBuildPhase section */

/* Begin PBXShellScriptBuildPhase section */
		551F8CFA23F4CB770006D1BD /* SwiftLint */ = {
			isa = PBXShellScriptBuildPhase;
			buildActionMask = 2147483647;
			files = (
			);
			inputFileListPaths = (
			);
			inputPaths = (
			);
			name = SwiftLint;
			outputFileListPaths = (
			);
			outputPaths = (
			);
			runOnlyForDeploymentPostprocessing = 0;
			shellPath = /bin/sh;
			shellScript = "if which swiftlint >/dev/null; then\n  swiftlint\nelse\n  echo \"warning: SwiftLint not installed, download from https://github.com/realm/SwiftLint\"\nfi\n";
		};
		5534157B23FE0373005C0A41 /* Get Contributors */ = {
			isa = PBXShellScriptBuildPhase;
			buildActionMask = 2147483647;
			files = (
			);
			inputFileListPaths = (
			);
			inputPaths = (
			);
			name = "Get Contributors";
			outputFileListPaths = (
			);
			outputPaths = (
			);
			runOnlyForDeploymentPostprocessing = 0;
			shellPath = /bin/sh;
			shellScript = "export RESOURCES_DIR=\"${BUILT_PRODUCTS_DIR}/${UNLOCALIZED_RESOURCES_FOLDER_PATH}\"\nexport CONTRIBUTORS_FILE=\"${RESOURCES_DIR}/contributors.json\"\nif [ ! -f \"${CONTRIBUTORS_FILE}\" ]; then\n    curl \"https://api.github.com/repos/twostraws/ControlRoom/stats/contributors\" -H \"Accept: application/vnd.github.v3+json\" > \"${CONTRIBUTORS_FILE}\"\nfi\n";
		};
/* End PBXShellScriptBuildPhase section */

/* Begin PBXSourcesBuildPhase section */
		511BA57523F3FFEA00E3E660 /* Sources */ = {
			isa = PBXSourcesBuildPhase;
			buildActionMask = 2147483647;
			files = (
				ACDF076623F7D1C300597B3B /* Application.swift in Sources */,
				5534158623FE1AC4005C0A41 /* Flow.swift in Sources */,
				51B0241D25C3104C0042394E /* AppIcon.swift in Sources */,
				511BA5A823F42EE400E3E660 /* AppView.swift in Sources */,
				5523A7E123F99D7200F25EEC /* Preferences.swift in Sources */,
				551F8CED23F489A50006D1BD /* SidebarView.swift in Sources */,
				551F8CEF23F48B030006D1BD /* SplitLayoutView.swift in Sources */,
				551F8CFE23F5C9EF0006D1BD /* SimCtl.swift in Sources */,
				ACCD798E240AE82C0004ECE5 /* PushNotification.swift in Sources */,
				517928C225C47392000F6F3A /* AVAssetToGIF.swift in Sources */,
				CDC8A0972472846C00861888 /* ScreenView.swift in Sources */,
				55AF68B723F9D2E200C5D87A /* UIState.swift in Sources */,
				511BA59223F4031F00E3E660 /* ControlView.swift in Sources */,
				5534158223FE0539005C0A41 /* Contributors.swift in Sources */,
				511BA57F23F3FFEA00E3E660 /* MainView.swift in Sources */,
				551F8D0023F5CB3A0006D1BD /* SimCtl+Types.swift in Sources */,
				511BA5A023F4197200E3E660 /* NetworkView.swift in Sources */,
				ACDF076823F7E91A00597B3B /* ApplicationType.swift in Sources */,
				511BA59A23F415C800E3E660 /* BatteryView.swift in Sources */,
				51B0242325C3106E0042394E /* AppSummaryView.swift in Sources */,
				B0AD5F8423FE32A100A2DC81 /* HLine.swift in Sources */,
				55DF68BB23F8BE8D00E717D3 /* CreateSimulatorActionSheet.swift in Sources */,
				551F8CF923F4C45A0006D1BD /* SimulatorSidebarView.swift in Sources */,
				5534158023FE0514005C0A41 /* RecessedButtonStyle.swift in Sources */,
				511BA59C23F4172400E3E660 /* SystemView.swift in Sources */,
				511BA57D23F3FFEA00E3E660 /* AppDelegate.swift in Sources */,
				511BA5A223F41A5900E3E660 /* Binding-OnChange.swift in Sources */,
				55DF68BD23F8C76800E717D3 /* Collection.swift in Sources */,
				511BA59823F4096800E3E660 /* Simulator.swift in Sources */,
				551F8CF723F4BEAC0006D1BD /* TypeIdentifier.swift in Sources */,
				551F8CF123F498C30006D1BD /* SimulatorsController.swift in Sources */,
				511BA5A623F420AB00E3E660 /* FormSpacer.swift in Sources */,
				ACCD798C240ADEE20004ECE5 /* NotificationEditorView.swift in Sources */,
				70BE435A23F54B7200FD6282 /* LocationView.swift in Sources */,
				ACD2064D2431F20000F8659B /* CommandLineExecuter.swift in Sources */,
				5179289A25C37D2A000F6F3A /* KeyboardShortcuts.swift in Sources */,
				555A145723F707E700313BC5 /* CoreSimulator.m in Sources */,
				55DF68B923F86C0700E717D3 /* ContextMenu.swift in Sources */,
				55AF68B923F9D32100C5D87A /* MainWindowController.swift in Sources */,
				555A145C23F70CCF00313BC5 /* Process.swift in Sources */,
				55DF68B723F856E100E717D3 /* SimulatorActionSheet.swift in Sources */,
				ACD206572432272500F8659B /* XcodeCommandLineToolsController.swift in Sources */,
				51B0241625C30EEF0042394E /* CLLocationCoordinate2D-Identifiable.swift in Sources */,
				5534157E23FE04FA005C0A41 /* AboutView.swift in Sources */,
				511BA59023F4030D00E3E660 /* LoadingView.swift in Sources */,
				511BA59623F408F800E3E660 /* LoadingFailedView.swift in Sources */,
				510871F225C317830009E39F /* SimulatorAction.swift in Sources */,
				5108721525C331360009E39F /* TextView.swift in Sources */,
				55AF68B523F9CFD600C5D87A /* PreferencesView.swift in Sources */,
				555A145E23F70E8600313BC5 /* CoreSimulatorPublisher.swift in Sources */,
				B07F584923F99A1700256D5D /* SimCtl+SubCommands.swift in Sources */,
				551F8CF523F4AF7B0006D1BD /* FilterField.swift in Sources */,
				AC472CCF240D46D7007FF521 /* KeyedEncodingContainer-NotEmpty.swift in Sources */,
			);
			runOnlyForDeploymentPostprocessing = 0;
		};
		B07F584A23F9F83800256D5D /* Sources */ = {
			isa = PBXSourcesBuildPhase;
			buildActionMask = 2147483647;
			files = (
				B07F585123F9F83800256D5D /* SimCtl+SubCommandsTests.swift in Sources */,
			);
			runOnlyForDeploymentPostprocessing = 0;
		};
/* End PBXSourcesBuildPhase section */

/* Begin PBXTargetDependency section */
		B07F585423F9F83800256D5D /* PBXTargetDependency */ = {
			isa = PBXTargetDependency;
			target = 511BA57823F3FFEA00E3E660 /* ControlRoom */;
			targetProxy = B07F585323F9F83800256D5D /* PBXContainerItemProxy */;
		};
/* End PBXTargetDependency section */

/* Begin PBXVariantGroup section */
		511BA58523F3FFEB00E3E660 /* Main.storyboard */ = {
			isa = PBXVariantGroup;
			children = (
				511BA58623F3FFEB00E3E660 /* Base */,
			);
			name = Main.storyboard;
			sourceTree = "<group>";
		};
/* End PBXVariantGroup section */

/* Begin XCBuildConfiguration section */
		511BA58A23F3FFEB00E3E660 /* Debug */ = {
			isa = XCBuildConfiguration;
			buildSettings = {
				ALWAYS_SEARCH_USER_PATHS = NO;
				CLANG_ANALYZER_NONNULL = YES;
				CLANG_ANALYZER_NUMBER_OBJECT_CONVERSION = YES_AGGRESSIVE;
				CLANG_CXX_LANGUAGE_STANDARD = "gnu++14";
				CLANG_CXX_LIBRARY = "libc++";
				CLANG_ENABLE_MODULES = YES;
				CLANG_ENABLE_OBJC_ARC = YES;
				CLANG_ENABLE_OBJC_WEAK = YES;
				CLANG_WARN_BLOCK_CAPTURE_AUTORELEASING = YES;
				CLANG_WARN_BOOL_CONVERSION = YES;
				CLANG_WARN_COMMA = YES;
				CLANG_WARN_CONSTANT_CONVERSION = YES;
				CLANG_WARN_DEPRECATED_OBJC_IMPLEMENTATIONS = YES;
				CLANG_WARN_DIRECT_OBJC_ISA_USAGE = YES_ERROR;
				CLANG_WARN_DOCUMENTATION_COMMENTS = YES;
				CLANG_WARN_EMPTY_BODY = YES;
				CLANG_WARN_ENUM_CONVERSION = YES;
				CLANG_WARN_INFINITE_RECURSION = YES;
				CLANG_WARN_INT_CONVERSION = YES;
				CLANG_WARN_NON_LITERAL_NULL_CONVERSION = YES;
				CLANG_WARN_OBJC_IMPLICIT_RETAIN_SELF = YES;
				CLANG_WARN_OBJC_LITERAL_CONVERSION = YES;
				CLANG_WARN_OBJC_ROOT_CLASS = YES_ERROR;
				CLANG_WARN_QUOTED_INCLUDE_IN_FRAMEWORK_HEADER = YES;
				CLANG_WARN_RANGE_LOOP_ANALYSIS = YES;
				CLANG_WARN_STRICT_PROTOTYPES = YES;
				CLANG_WARN_SUSPICIOUS_MOVE = YES;
				CLANG_WARN_UNGUARDED_AVAILABILITY = YES_AGGRESSIVE;
				CLANG_WARN_UNREACHABLE_CODE = YES;
				CLANG_WARN__DUPLICATE_METHOD_MATCH = YES;
				COPY_PHASE_STRIP = NO;
				DEBUG_INFORMATION_FORMAT = dwarf;
				ENABLE_STRICT_OBJC_MSGSEND = YES;
				ENABLE_TESTABILITY = YES;
				GCC_C_LANGUAGE_STANDARD = gnu11;
				GCC_DYNAMIC_NO_PIC = NO;
				GCC_NO_COMMON_BLOCKS = YES;
				GCC_OPTIMIZATION_LEVEL = 0;
				GCC_PREPROCESSOR_DEFINITIONS = (
					"DEBUG=1",
					"$(inherited)",
				);
				GCC_WARN_64_TO_32_BIT_CONVERSION = YES;
				GCC_WARN_ABOUT_RETURN_TYPE = YES_ERROR;
				GCC_WARN_UNDECLARED_SELECTOR = YES;
				GCC_WARN_UNINITIALIZED_AUTOS = YES_AGGRESSIVE;
				GCC_WARN_UNUSED_FUNCTION = YES;
				GCC_WARN_UNUSED_VARIABLE = YES;
				MACOSX_DEPLOYMENT_TARGET = 11.0;
				MTL_ENABLE_DEBUG_INFO = INCLUDE_SOURCE;
				MTL_FAST_MATH = YES;
				ONLY_ACTIVE_ARCH = YES;
				SDKROOT = macosx;
				SWIFT_ACTIVE_COMPILATION_CONDITIONS = DEBUG;
				SWIFT_OPTIMIZATION_LEVEL = "-Onone";
			};
			name = Debug;
		};
		511BA58B23F3FFEB00E3E660 /* Release */ = {
			isa = XCBuildConfiguration;
			buildSettings = {
				ALWAYS_SEARCH_USER_PATHS = NO;
				CLANG_ANALYZER_NONNULL = YES;
				CLANG_ANALYZER_NUMBER_OBJECT_CONVERSION = YES_AGGRESSIVE;
				CLANG_CXX_LANGUAGE_STANDARD = "gnu++14";
				CLANG_CXX_LIBRARY = "libc++";
				CLANG_ENABLE_MODULES = YES;
				CLANG_ENABLE_OBJC_ARC = YES;
				CLANG_ENABLE_OBJC_WEAK = YES;
				CLANG_WARN_BLOCK_CAPTURE_AUTORELEASING = YES;
				CLANG_WARN_BOOL_CONVERSION = YES;
				CLANG_WARN_COMMA = YES;
				CLANG_WARN_CONSTANT_CONVERSION = YES;
				CLANG_WARN_DEPRECATED_OBJC_IMPLEMENTATIONS = YES;
				CLANG_WARN_DIRECT_OBJC_ISA_USAGE = YES_ERROR;
				CLANG_WARN_DOCUMENTATION_COMMENTS = YES;
				CLANG_WARN_EMPTY_BODY = YES;
				CLANG_WARN_ENUM_CONVERSION = YES;
				CLANG_WARN_INFINITE_RECURSION = YES;
				CLANG_WARN_INT_CONVERSION = YES;
				CLANG_WARN_NON_LITERAL_NULL_CONVERSION = YES;
				CLANG_WARN_OBJC_IMPLICIT_RETAIN_SELF = YES;
				CLANG_WARN_OBJC_LITERAL_CONVERSION = YES;
				CLANG_WARN_OBJC_ROOT_CLASS = YES_ERROR;
				CLANG_WARN_QUOTED_INCLUDE_IN_FRAMEWORK_HEADER = YES;
				CLANG_WARN_RANGE_LOOP_ANALYSIS = YES;
				CLANG_WARN_STRICT_PROTOTYPES = YES;
				CLANG_WARN_SUSPICIOUS_MOVE = YES;
				CLANG_WARN_UNGUARDED_AVAILABILITY = YES_AGGRESSIVE;
				CLANG_WARN_UNREACHABLE_CODE = YES;
				CLANG_WARN__DUPLICATE_METHOD_MATCH = YES;
				COPY_PHASE_STRIP = NO;
				DEBUG_INFORMATION_FORMAT = "dwarf-with-dsym";
				ENABLE_NS_ASSERTIONS = NO;
				ENABLE_STRICT_OBJC_MSGSEND = YES;
				GCC_C_LANGUAGE_STANDARD = gnu11;
				GCC_NO_COMMON_BLOCKS = YES;
				GCC_WARN_64_TO_32_BIT_CONVERSION = YES;
				GCC_WARN_ABOUT_RETURN_TYPE = YES_ERROR;
				GCC_WARN_UNDECLARED_SELECTOR = YES;
				GCC_WARN_UNINITIALIZED_AUTOS = YES_AGGRESSIVE;
				GCC_WARN_UNUSED_FUNCTION = YES;
				GCC_WARN_UNUSED_VARIABLE = YES;
				MACOSX_DEPLOYMENT_TARGET = 11.0;
				MTL_ENABLE_DEBUG_INFO = NO;
				MTL_FAST_MATH = YES;
				SDKROOT = macosx;
				SWIFT_COMPILATION_MODE = wholemodule;
				SWIFT_OPTIMIZATION_LEVEL = "-O";
			};
			name = Release;
		};
		511BA58D23F3FFEB00E3E660 /* Debug */ = {
			isa = XCBuildConfiguration;
			buildSettings = {
				ASSETCATALOG_COMPILER_APPICON_NAME = AppIcon;
				CLANG_ENABLE_MODULES = YES;
				CODE_SIGN_ENTITLEMENTS = ControlRoom/ControlRoom.entitlements;
				CODE_SIGN_IDENTITY = "-";
				CODE_SIGN_STYLE = Automatic;
				COMBINE_HIDPI_IMAGES = YES;
				DEVELOPMENT_ASSET_PATHS = "\"ControlRoom/Preview Content\"";
				DEVELOPMENT_TEAM = B5C26XE59E;
				ENABLE_HARDENED_RUNTIME = YES;
				ENABLE_PREVIEWS = YES;
				FRAMEWORK_SEARCH_PATHS = (
					"$(inherited)",
					/Library/Developer/PrivateFrameworks,
				);
				INFOPLIST_FILE = ControlRoom/Info.plist;
				LD_RUNPATH_SEARCH_PATHS = (
					"$(inherited)",
					"@executable_path/../Frameworks",
				);
				MACOSX_DEPLOYMENT_TARGET = 11.0;
				MARKETING_VERSION = 2.0;
				PRODUCT_BUNDLE_IDENTIFIER = com.hackingwithswift.ControlRoom;
				PRODUCT_NAME = "$(TARGET_NAME)";
				SWIFT_OBJC_BRIDGING_HEADER = "ControlRoom/Objective-C/ControlRoom-Bridging-Header.h";
				SWIFT_OPTIMIZATION_LEVEL = "-Onone";
				SWIFT_VERSION = 5.0;
			};
			name = Debug;
		};
		511BA58E23F3FFEB00E3E660 /* Release */ = {
			isa = XCBuildConfiguration;
			buildSettings = {
				ASSETCATALOG_COMPILER_APPICON_NAME = AppIcon;
				CLANG_ENABLE_MODULES = YES;
				CODE_SIGN_ENTITLEMENTS = ControlRoom/ControlRoom.entitlements;
				CODE_SIGN_IDENTITY = "-";
				CODE_SIGN_STYLE = Automatic;
				COMBINE_HIDPI_IMAGES = YES;
				DEVELOPMENT_ASSET_PATHS = "\"ControlRoom/Preview Content\"";
				DEVELOPMENT_TEAM = B5C26XE59E;
				ENABLE_HARDENED_RUNTIME = YES;
				ENABLE_PREVIEWS = YES;
				FRAMEWORK_SEARCH_PATHS = (
					"$(inherited)",
					/Library/Developer/PrivateFrameworks,
				);
				INFOPLIST_FILE = ControlRoom/Info.plist;
				LD_RUNPATH_SEARCH_PATHS = (
					"$(inherited)",
					"@executable_path/../Frameworks",
				);
				MACOSX_DEPLOYMENT_TARGET = 11.0;
				MARKETING_VERSION = 2.0;
				ONLY_ACTIVE_ARCH = YES;
				PRODUCT_BUNDLE_IDENTIFIER = com.hackingwithswift.ControlRoom;
				PRODUCT_NAME = "$(TARGET_NAME)";
				SWIFT_OBJC_BRIDGING_HEADER = "ControlRoom/Objective-C/ControlRoom-Bridging-Header.h";
				SWIFT_VERSION = 5.0;
			};
			name = Release;
		};
		B07F585523F9F83800256D5D /* Debug */ = {
			isa = XCBuildConfiguration;
			buildSettings = {
				BUNDLE_LOADER = "$(TEST_HOST)";
				CODE_SIGN_IDENTITY = "-";
				CODE_SIGN_STYLE = Automatic;
				COMBINE_HIDPI_IMAGES = YES;
				DEVELOPMENT_TEAM = B5C26XE59E;
				INFOPLIST_FILE = ControlRoomTests/Info.plist;
				LD_RUNPATH_SEARCH_PATHS = (
					"$(inherited)",
					"@executable_path/../Frameworks",
					"@loader_path/../Frameworks",
				);
				PRODUCT_BUNDLE_IDENTIFIER = com.hackingwithswift.ControlRoomTests;
				PRODUCT_NAME = "$(TARGET_NAME)";
				SWIFT_VERSION = 5.0;
				TEST_HOST = "$(BUILT_PRODUCTS_DIR)/ControlRoom.app/Contents/MacOS/ControlRoom";
			};
			name = Debug;
		};
		B07F585623F9F83800256D5D /* Release */ = {
			isa = XCBuildConfiguration;
			buildSettings = {
				BUNDLE_LOADER = "$(TEST_HOST)";
				CODE_SIGN_IDENTITY = "-";
				CODE_SIGN_STYLE = Automatic;
				COMBINE_HIDPI_IMAGES = YES;
				DEVELOPMENT_TEAM = B5C26XE59E;
				INFOPLIST_FILE = ControlRoomTests/Info.plist;
				LD_RUNPATH_SEARCH_PATHS = (
					"$(inherited)",
					"@executable_path/../Frameworks",
					"@loader_path/../Frameworks",
				);
				PRODUCT_BUNDLE_IDENTIFIER = com.hackingwithswift.ControlRoomTests;
				PRODUCT_NAME = "$(TARGET_NAME)";
				SWIFT_VERSION = 5.0;
				TEST_HOST = "$(BUILT_PRODUCTS_DIR)/ControlRoom.app/Contents/MacOS/ControlRoom";
			};
			name = Release;
		};
/* End XCBuildConfiguration section */

/* Begin XCConfigurationList section */
		511BA57423F3FFEA00E3E660 /* Build configuration list for PBXProject "ControlRoom" */ = {
			isa = XCConfigurationList;
			buildConfigurations = (
				511BA58A23F3FFEB00E3E660 /* Debug */,
				511BA58B23F3FFEB00E3E660 /* Release */,
			);
			defaultConfigurationIsVisible = 0;
			defaultConfigurationName = Release;
		};
		511BA58C23F3FFEB00E3E660 /* Build configuration list for PBXNativeTarget "ControlRoom" */ = {
			isa = XCConfigurationList;
			buildConfigurations = (
				511BA58D23F3FFEB00E3E660 /* Debug */,
				511BA58E23F3FFEB00E3E660 /* Release */,
			);
			defaultConfigurationIsVisible = 0;
			defaultConfigurationName = Release;
		};
		B07F585723F9F83800256D5D /* Build configuration list for PBXNativeTarget "ControlRoomTests" */ = {
			isa = XCConfigurationList;
			buildConfigurations = (
				B07F585523F9F83800256D5D /* Debug */,
				B07F585623F9F83800256D5D /* Release */,
			);
			defaultConfigurationIsVisible = 0;
			defaultConfigurationName = Release;
		};
/* End XCConfigurationList section */

/* Begin XCRemoteSwiftPackageReference section */
		5179289425C37586000F6F3A /* XCRemoteSwiftPackageReference "KeyboardShortcuts" */ = {
			isa = XCRemoteSwiftPackageReference;
			repositoryURL = "https://github.com/sindresorhus/KeyboardShortcuts";
			requirement = {
				kind = upToNextMajorVersion;
				minimumVersion = 0.6.1;
			};
		};
/* End XCRemoteSwiftPackageReference section */

/* Begin XCSwiftPackageProductDependency section */
		5179289525C37586000F6F3A /* KeyboardShortcuts */ = {
			isa = XCSwiftPackageProductDependency;
			package = 5179289425C37586000F6F3A /* XCRemoteSwiftPackageReference "KeyboardShortcuts" */;
			productName = KeyboardShortcuts;
		};
/* End XCSwiftPackageProductDependency section */
	};
	rootObject = 511BA57123F3FFEA00E3E660 /* Project object */;
}
