{
  "originHash" : "69c39523ac0471922b625cc56b8722155cfd2afd660bdd4f5ff67335b5b87714",
  "pins" : [
    {
      "identity" : "keyboardshortcuts",
      "kind" : "remoteSourceControl",
      "location" : "https://github.com/sindresorhus/KeyboardShortcuts",
      "state" : {
        "revision" : "045cf174010beb335fa1d2567d18c057b8787165",
        "version" : "2.3.0"
      }
    }
  ],
  "version" : 3
}
