{
  "pins" : [
    {
      "identity" : "keyboardshortcuts",
      "kind" : "remoteSourceControl",
      "location" : "https://github.com/sindresorhus/KeyboardShortcuts",
      "state" : {
        "revision" : "f09de800a4f05d66fe2a9924c81a932454a9f39a",
        "version" : "0.7.1"
      }
    }
  ],
  "version" : 2
}
